<?xml version="1.0" encoding="utf-8"?>
<Project ToolsVersion="4.0" xmlns="http://schemas.microsoft.com/developer/msbuild/2003">
  <ItemGroup>
    <Filter Include="Archivos de origen">
      <UniqueIdentifier>{4FC737F1-C7A5-4376-A066-2A32D752A2FF}</UniqueIdentifier>
      <Extensions>cpp;c;cc;cxx;c++;cppm;ixx;def;odl;idl;hpj;bat;asm;asmx</Extensions>
    </Filter>
    <Filter Include="Archivos de encabezado">
      <UniqueIdentifier>{93995380-89BD-4b04-88EB-625FBE52EBFB}</UniqueIdentifier>
      <Extensions>h;hh;hpp;hxx;h++;hm;inl;inc;ipp;xsd</Extensions>
    </Filter>
    <Filter Include="Archivos de recursos">
      <UniqueIdentifier>{67DA6AB6-F800-4c08-8B7A-83BB121AAD01}</UniqueIdentifier>
      <Extensions>rc;ico;cur;bmp;dlg;rc2;rct;bin;rgs;gif;jpg;jpeg;jpe;resx;tiff;tif;png;wav;mfcribbon-ms</Extensions>
    </Filter>
    <Filter Include="Archivos de origen\DataType">
      <UniqueIdentifier>{10d9c850-419a-45a4-a011-532b4abd3ea9}</UniqueIdentifier>
    </Filter>
    <Filter Include="Archivos de encabezado\DataTypes">
      <UniqueIdentifier>{fbb38092-aa2f-4c51-9790-cd983c4db072}</UniqueIdentifier>
    </Filter>
    <Filter Include="Archivos de encabezado\Clases">
      <UniqueIdentifier>{4d628fbd-c1f2-4b4f-a0bf-1862f2a40fa3}</UniqueIdentifier>
    </Filter>
    <Filter Include="Archivos de origen\Clases">
      <UniqueIdentifier>{2e1f1b9b-d865-446e-81ba-2fb58faf4fc6}</UniqueIdentifier>
    </Filter>
  </ItemGroup>
  <ItemGroup>
    <ClCompile Include="Main.cpp">
      <Filter>Archivos de origen</Filter>
    </ClCompile>
    <ClCompile Include="DtFecha.cpp">
      <Filter>Archivos de origen\DataType</Filter>
    </ClCompile>
    <ClCompile Include="DtClase.cpp">
      <Filter>Archivos de origen\DataType</Filter>
    </ClCompile>
    <ClCompile Include="DtEntrenamiento.cpp">
      <Filter>Archivos de origen\DataType</Filter>
    </ClCompile>
    <ClCompile Include="DtSpinning.cpp">
      <Filter>Archivos de origen\DataType</Filter>
    </ClCompile>
    <ClCompile Include="DtClase.h">
      <Filter>Archivos de encabezado\DataTypes</Filter>
    </ClCompile>
    <ClCompile Include="Clase.cpp">
      <Filter>Archivos de origen\Clases</Filter>
    </ClCompile>
    <ClCompile Include="Entrenamiento.cpp">
      <Filter>Archivos de origen\Clases</Filter>
    </ClCompile>
    <ClCompile Include="Inscripcion.cpp">
      <Filter>Archivos de origen\Clases</Filter>
    </ClCompile>
    <ClCompile Include="Socio.cpp">
      <Filter>Archivos de origen\Clases</Filter>
    </ClCompile>
    <ClCompile Include="Spinning.cpp">
      <Filter>Archivos de origen\Clases</Filter>
    </ClCompile>
    <ClCompile Include="Constantes.h">
      <Filter>Archivos de encabezado</Filter>
    </ClCompile>
    <ClCompile Include="DtInscripcion.cpp">
      <Filter>Archivos de origen\DataType</Filter>
    </ClCompile>
    <ClCompile Include="DtSocio.cpp">
      <Filter>Archivos de origen\DataType</Filter>
    </ClCompile>
    <ClCompile Include="ServiciosColecciones.cpp">
      <Filter>Archivos de origen</Filter>
    </ClCompile>
    <ClCompile Include="Impresiones.cpp">
      <Filter>Archivos de origen</Filter>
    </ClCompile>
  </ItemGroup>
  <ItemGroup>
    <ClInclude Include="Clase.h">
      <Filter>Archivos de encabezado\Clases</Filter>
    </ClInclude>
    <ClInclude Include="Entrenamiento.h">
      <Filter>Archivos de encabezado\Clases</Filter>
    </ClInclude>
    <ClInclude Include="Inscripcion.h">
      <Filter>Archivos de encabezado\Clases</Filter>
    </ClInclude>
    <ClInclude Include="Socio.h">
      <Filter>Archivos de encabezado\Clases</Filter>
    </ClInclude>
    <ClInclude Include="Spinning.h">
      <Filter>Archivos de encabezado\Clases</Filter>
    </ClInclude>
    <ClInclude Include="DtEntrenamiento.h">
      <Filter>Archivos de encabezado\DataTypes</Filter>
    </ClInclude>
    <ClInclude Include="DtFecha.h">
      <Filter>Archivos de encabezado\DataTypes</Filter>
    </ClInclude>
    <ClInclude Include="DtSpinning.h">
      <Filter>Archivos de encabezado\DataTypes</Filter>
    </ClInclude>
    <ClInclude Include="EnumTurno.h">
      <Filter>Archivos de encabezado</Filter>
    </ClInclude>
    <ClInclude Include="DtInscrpcion.h">
      <Filter>Archivos de encabezado\DataTypes</Filter>
    </ClInclude>
    <ClInclude Include="DtSocio.h">
      <Filter>Archivos de encabezado\DataTypes</Filter>
    </ClInclude>
    <ClInclude Include="ServiciosColecciones.h">
      <Filter>Archivos de encabezado</Filter>
    </ClInclude>
    <ClInclude Include="Impresiones.h">
      <Filter>Archivos de encabezado</Filter>
    </ClInclude>
  </ItemGroup>
  <ItemGroup>
    <ResourceCompile Include="obligatorio Programacion Avanzada.rc">
      <Filter>Archivos de recursos</Filter>
    </ResourceCompile>
  </ItemGroup>
</Project>